// !$*UTF8*$!
{
	archiveVersion = 1;
	classes = {
	};
	objectVersion = 56;
	objects = {

/* Begin PBXBuildFile section */
		09DBACBF6B7ECB66D0120CDC /* Pods_PruebaUI_PruebaUIUITests.framework in Frameworks */ = {isa = PBXBuildFile; fileRef = 7A65FEBE0225ED5084B51240 /* Pods_PruebaUI_PruebaUIUITests.framework */; };
		75EE13E5FC02B4D989E55EB5 /* Pods_PruebaUITests.framework in Frameworks */ = {isa = PBXBuildFile; fileRef = 55AE8D475D60BD5034308F13 /* Pods_PruebaUITests.framework */; };
		8F3B0FA22BD5DC4D008D4549 /* PruebaUIApp.swift in Sources */ = {isa = PBXBuildFile; fileRef = 8F3B0FA12BD5DC4D008D4549 /* PruebaUIApp.swift */; };
		8F3B0FA42BD5DC4D008D4549 /* CharactersList.swift in Sources */ = {isa = PBXBuildFile; fileRef = 8F3B0FA32BD5DC4D008D4549 /* CharactersList.swift */; };
		8F3B0FA62BD5DC4E008D4549 /* Assets.xcassets in Resources */ = {isa = PBXBuildFile; fileRef = 8F3B0FA52BD5DC4E008D4549 /* Assets.xcassets */; };
		8F3B0FA92BD5DC4E008D4549 /* Preview Assets.xcassets in Resources */ = {isa = PBXBuildFile; fileRef = 8F3B0FA82BD5DC4E008D4549 /* Preview Assets.xcassets */; };
		8F3B0FB32BD5DC4F008D4549 /* PruebaUITests.swift in Sources */ = {isa = PBXBuildFile; fileRef = 8F3B0FB22BD5DC4F008D4549 /* PruebaUITests.swift */; };
		8F3B0FBD2BD5DC4F008D4549 /* PruebaUIUITests.swift in Sources */ = {isa = PBXBuildFile; fileRef = 8F3B0FBC2BD5DC4F008D4549 /* PruebaUIUITests.swift */; };
		8F3B0FBF2BD5DC4F008D4549 /* PruebaUIUITestsLaunchTests.swift in Sources */ = {isa = PBXBuildFile; fileRef = 8F3B0FBE2BD5DC4F008D4549 /* PruebaUIUITestsLaunchTests.swift */; };
		8F3B0FDA2BD5DCA0008D4549 /* UIView+Extension.swift in Sources */ = {isa = PBXBuildFile; fileRef = 8F3B0FCC2BD5DCA0008D4549 /* UIView+Extension.swift */; };
		8F3B0FDB2BD5DCA0008D4549 /* UIViewController+Extension.swift in Sources */ = {isa = PBXBuildFile; fileRef = 8F3B0FCD2BD5DCA0008D4549 /* UIViewController+Extension.swift */; };
		8F3B0FDC2BD5DCA0008D4549 /* CharacterListDTO.swift in Sources */ = {isa = PBXBuildFile; fileRef = 8F3B0FD02BD5DCA0008D4549 /* CharacterListDTO.swift */; };
		8F3B0FDD2BD5DCA0008D4549 /* CharacterListRequest.swift in Sources */ = {isa = PBXBuildFile; fileRef = 8F3B0FD22BD5DCA0008D4549 /* CharacterListRequest.swift */; };
		8F3B0FDE2BD5DCA0008D4549 /* Api.swift in Sources */ = {isa = PBXBuildFile; fileRef = 8F3B0FD32BD5DCA0008D4549 /* Api.swift */; };
		8F3B0FDF2BD5DCA0008D4549 /* CharacterData.swift in Sources */ = {isa = PBXBuildFile; fileRef = 8F3B0FD52BD5DCA0008D4549 /* CharacterData.swift */; };
		8F3B0FE02BD5DCA0008D4549 /* CharactersDataList.swift in Sources */ = {isa = PBXBuildFile; fileRef = 8F3B0FD62BD5DCA0008D4549 /* CharactersDataList.swift */; };
		8F3B0FE12BD5DCA0008D4549 /* error.json in Resources */ = {isa = PBXBuildFile; fileRef = 8F3B0FD82BD5DCA0008D4549 /* error.json */; };
		8F3B0FE22BD5DCA0008D4549 /* load.json in Resources */ = {isa = PBXBuildFile; fileRef = 8F3B0FD92BD5DCA0008D4549 /* load.json */; };
		8F3B0FE42BD5DD52008D4549 /* CharactersListViewModel.swift in Sources */ = {isa = PBXBuildFile; fileRef = 8F3B0FE32BD5DD52008D4549 /* CharactersListViewModel.swift */; };
		8F3B0FE62BD5E297008D4549 /* CharacterCell.swift in Sources */ = {isa = PBXBuildFile; fileRef = 8F3B0FE52BD5E297008D4549 /* CharacterCell.swift */; };
		DC95485777D24FFB611E2C37 /* Pods_PruebaUI.framework in Frameworks */ = {isa = PBXBuildFile; fileRef = EE397EDE524B5F009646A1AC /* Pods_PruebaUI.framework */; };
/* End PBXBuildFile section */

/* Begin PBXContainerItemProxy section */
		8F3B0FAF2BD5DC4F008D4549 /* PBXContainerItemProxy */ = {
			isa = PBXContainerItemProxy;
			containerPortal = 8F3B0F962BD5DC4D008D4549 /* Project object */;
			proxyType = 1;
			remoteGlobalIDString = 8F3B0F9D2BD5DC4D008D4549;
			remoteInfo = PruebaUI;
		};
		8F3B0FB92BD5DC4F008D4549 /* PBXContainerItemProxy */ = {
			isa = PBXContainerItemProxy;
			containerPortal = 8F3B0F962BD5DC4D008D4549 /* Project object */;
			proxyType = 1;
			remoteGlobalIDString = 8F3B0F9D2BD5DC4D008D4549;
			remoteInfo = PruebaUI;
		};
/* End PBXContainerItemProxy section */

/* Begin PBXFileReference section */
		533ED0749FBA627B7D98E37B /* Pods-PruebaUI-PruebaUIUITests.release.xcconfig */ = {isa = PBXFileReference; includeInIndex = 1; lastKnownFileType = text.xcconfig; name = "Pods-PruebaUI-PruebaUIUITests.release.xcconfig"; path = "Target Support Files/Pods-PruebaUI-PruebaUIUITests/Pods-PruebaUI-PruebaUIUITests.release.xcconfig"; sourceTree = "<group>"; };
		5489FDFCB5F0E6ABA4EF4D52 /* Pods-PruebaUI.release.xcconfig */ = {isa = PBXFileReference; includeInIndex = 1; lastKnownFileType = text.xcconfig; name = "Pods-PruebaUI.release.xcconfig"; path = "Target Support Files/Pods-PruebaUI/Pods-PruebaUI.release.xcconfig"; sourceTree = "<group>"; };
		55AE8D475D60BD5034308F13 /* Pods_PruebaUITests.framework */ = {isa = PBXFileReference; explicitFileType = wrapper.framework; includeInIndex = 0; path = Pods_PruebaUITests.framework; sourceTree = BUILT_PRODUCTS_DIR; };
		67F8A85614BC377749FFA5D8 /* Pods-PruebaUITests.debug.xcconfig */ = {isa = PBXFileReference; includeInIndex = 1; lastKnownFileType = text.xcconfig; name = "Pods-PruebaUITests.debug.xcconfig"; path = "Target Support Files/Pods-PruebaUITests/Pods-PruebaUITests.debug.xcconfig"; sourceTree = "<group>"; };
		7A65FEBE0225ED5084B51240 /* Pods_PruebaUI_PruebaUIUITests.framework */ = {isa = PBXFileReference; explicitFileType = wrapper.framework; includeInIndex = 0; path = Pods_PruebaUI_PruebaUIUITests.framework; sourceTree = BUILT_PRODUCTS_DIR; };
		8F3B0F9E2BD5DC4D008D4549 /* PruebaUI.app */ = {isa = PBXFileReference; explicitFileType = wrapper.application; includeInIndex = 0; path = PruebaUI.app; sourceTree = BUILT_PRODUCTS_DIR; };
		8F3B0FA12BD5DC4D008D4549 /* PruebaUIApp.swift */ = {isa = PBXFileReference; lastKnownFileType = sourcecode.swift; path = PruebaUIApp.swift; sourceTree = "<group>"; };
		8F3B0FA32BD5DC4D008D4549 /* CharactersList.swift */ = {isa = PBXFileReference; lastKnownFileType = sourcecode.swift; path = CharactersList.swift; sourceTree = "<group>"; };
		8F3B0FA52BD5DC4E008D4549 /* Assets.xcassets */ = {isa = PBXFileReference; lastKnownFileType = folder.assetcatalog; path = Assets.xcassets; sourceTree = "<group>"; };
		8F3B0FA82BD5DC4E008D4549 /* Preview Assets.xcassets */ = {isa = PBXFileReference; lastKnownFileType = folder.assetcatalog; path = "Preview Assets.xcassets"; sourceTree = "<group>"; };
		8F3B0FAE2BD5DC4F008D4549 /* PruebaUITests.xctest */ = {isa = PBXFileReference; explicitFileType = wrapper.cfbundle; includeInIndex = 0; path = PruebaUITests.xctest; sourceTree = BUILT_PRODUCTS_DIR; };
		8F3B0FB22BD5DC4F008D4549 /* PruebaUITests.swift */ = {isa = PBXFileReference; lastKnownFileType = sourcecode.swift; path = PruebaUITests.swift; sourceTree = "<group>"; };
		8F3B0FB82BD5DC4F008D4549 /* PruebaUIUITests.xctest */ = {isa = PBXFileReference; explicitFileType = wrapper.cfbundle; includeInIndex = 0; path = PruebaUIUITests.xctest; sourceTree = BUILT_PRODUCTS_DIR; };
		8F3B0FBC2BD5DC4F008D4549 /* PruebaUIUITests.swift */ = {isa = PBXFileReference; lastKnownFileType = sourcecode.swift; path = PruebaUIUITests.swift; sourceTree = "<group>"; };
		8F3B0FBE2BD5DC4F008D4549 /* PruebaUIUITestsLaunchTests.swift */ = {isa = PBXFileReference; lastKnownFileType = sourcecode.swift; path = PruebaUIUITestsLaunchTests.swift; sourceTree = "<group>"; };
		8F3B0FCC2BD5DCA0008D4549 /* UIView+Extension.swift */ = {isa = PBXFileReference; fileEncoding = 4; lastKnownFileType = sourcecode.swift; path = "UIView+Extension.swift"; sourceTree = "<group>"; };
		8F3B0FCD2BD5DCA0008D4549 /* UIViewController+Extension.swift */ = {isa = PBXFileReference; fileEncoding = 4; lastKnownFileType = sourcecode.swift; path = "UIViewController+Extension.swift"; sourceTree = "<group>"; };
		8F3B0FD02BD5DCA0008D4549 /* CharacterListDTO.swift */ = {isa = PBXFileReference; fileEncoding = 4; lastKnownFileType = sourcecode.swift; path = CharacterListDTO.swift; sourceTree = "<group>"; };
		8F3B0FD22BD5DCA0008D4549 /* CharacterListRequest.swift */ = {isa = PBXFileReference; fileEncoding = 4; lastKnownFileType = sourcecode.swift; path = CharacterListRequest.swift; sourceTree = "<group>"; };
		8F3B0FD32BD5DCA0008D4549 /* Api.swift */ = {isa = PBXFileReference; fileEncoding = 4; lastKnownFileType = sourcecode.swift; path = Api.swift; sourceTree = "<group>"; };
		8F3B0FD52BD5DCA0008D4549 /* CharacterData.swift */ = {isa = PBXFileReference; fileEncoding = 4; lastKnownFileType = sourcecode.swift; path = CharacterData.swift; sourceTree = "<group>"; };
		8F3B0FD62BD5DCA0008D4549 /* CharactersDataList.swift */ = {isa = PBXFileReference; fileEncoding = 4; lastKnownFileType = sourcecode.swift; path = CharactersDataList.swift; sourceTree = "<group>"; };
		8F3B0FD82BD5DCA0008D4549 /* error.json */ = {isa = PBXFileReference; fileEncoding = 4; lastKnownFileType = text.json; path = error.json; sourceTree = "<group>"; };
		8F3B0FD92BD5DCA0008D4549 /* load.json */ = {isa = PBXFileReference; fileEncoding = 4; lastKnownFileType = text.json; path = load.json; sourceTree = "<group>"; };
		8F3B0FE32BD5DD52008D4549 /* CharactersListViewModel.swift */ = {isa = PBXFileReference; lastKnownFileType = sourcecode.swift; path = CharactersListViewModel.swift; sourceTree = "<group>"; };
		8F3B0FE52BD5E297008D4549 /* CharacterCell.swift */ = {isa = PBXFileReference; lastKnownFileType = sourcecode.swift; path = CharacterCell.swift; sourceTree = "<group>"; };
		DEDDB748883B4238C2A66A7A /* Pods-PruebaUITests.release.xcconfig */ = {isa = PBXFileReference; includeInIndex = 1; lastKnownFileType = text.xcconfig; name = "Pods-PruebaUITests.release.xcconfig"; path = "Target Support Files/Pods-PruebaUITests/Pods-PruebaUITests.release.xcconfig"; sourceTree = "<group>"; };
		E06DFFF210A319EC0EA40463 /* Pods-PruebaUI-PruebaUIUITests.debug.xcconfig */ = {isa = PBXFileReference; includeInIndex = 1; lastKnownFileType = text.xcconfig; name = "Pods-PruebaUI-PruebaUIUITests.debug.xcconfig"; path = "Target Support Files/Pods-PruebaUI-PruebaUIUITests/Pods-PruebaUI-PruebaUIUITests.debug.xcconfig"; sourceTree = "<group>"; };
		E4472BCB1296459C1524CD0E /* Pods-PruebaUI.debug.xcconfig */ = {isa = PBXFileReference; includeInIndex = 1; lastKnownFileType = text.xcconfig; name = "Pods-PruebaUI.debug.xcconfig"; path = "Target Support Files/Pods-PruebaUI/Pods-PruebaUI.debug.xcconfig"; sourceTree = "<group>"; };
		EE397EDE524B5F009646A1AC /* Pods_PruebaUI.framework */ = {isa = PBXFileReference; explicitFileType = wrapper.framework; includeInIndex = 0; path = Pods_PruebaUI.framework; sourceTree = BUILT_PRODUCTS_DIR; };
/* End PBXFileReference section */

/* Begin PBXFrameworksBuildPhase section */
		8F3B0F9B2BD5DC4D008D4549 /* Frameworks */ = {
			isa = PBXFrameworksBuildPhase;
			buildActionMask = 2147483647;
			files = (
				DC95485777D24FFB611E2C37 /* Pods_PruebaUI.framework in Frameworks */,
			);
			runOnlyForDeploymentPostprocessing = 0;
		};
		8F3B0FAB2BD5DC4F008D4549 /* Frameworks */ = {
			isa = PBXFrameworksBuildPhase;
			buildActionMask = 2147483647;
			files = (
				75EE13E5FC02B4D989E55EB5 /* Pods_PruebaUITests.framework in Frameworks */,
			);
			runOnlyForDeploymentPostprocessing = 0;
		};
		8F3B0FB52BD5DC4F008D4549 /* Frameworks */ = {
			isa = PBXFrameworksBuildPhase;
			buildActionMask = 2147483647;
			files = (
				09DBACBF6B7ECB66D0120CDC /* Pods_PruebaUI_PruebaUIUITests.framework in Frameworks */,
			);
			runOnlyForDeploymentPostprocessing = 0;
		};
/* End PBXFrameworksBuildPhase section */

/* Begin PBXGroup section */
		8F3B0F952BD5DC4D008D4549 = {
			isa = PBXGroup;
			children = (
				8F3B0FA02BD5DC4D008D4549 /* PruebaUI */,
				8F3B0FB12BD5DC4F008D4549 /* PruebaUITests */,
				8F3B0FBB2BD5DC4F008D4549 /* PruebaUIUITests */,
				8F3B0F9F2BD5DC4D008D4549 /* Products */,
				9832E23CCCA9ADFF7A645D73 /* Pods */,
				DF90BF8E7D59CDCC8398C6E8 /* Frameworks */,
			);
			sourceTree = "<group>";
		};
		8F3B0F9F2BD5DC4D008D4549 /* Products */ = {
			isa = PBXGroup;
			children = (
				8F3B0F9E2BD5DC4D008D4549 /* PruebaUI.app */,
				8F3B0FAE2BD5DC4F008D4549 /* PruebaUITests.xctest */,
				8F3B0FB82BD5DC4F008D4549 /* PruebaUIUITests.xctest */,
			);
			name = Products;
			sourceTree = "<group>";
		};
		8F3B0FA02BD5DC4D008D4549 /* PruebaUI */ = {
			isa = PBXGroup;
			children = (
				8F3B0FCE2BD5DCA0008D4549 /* Api */,
				8F3B0FD42BD5DCA0008D4549 /* Data */,
				8F3B0FCB2BD5DCA0008D4549 /* Extensions */,
				8F3B0FD72BD5DCA0008D4549 /* Lottie */,
				8F3B0FA12BD5DC4D008D4549 /* PruebaUIApp.swift */,
				8F3B0FA32BD5DC4D008D4549 /* CharactersList.swift */,
				8F3B0FA52BD5DC4E008D4549 /* Assets.xcassets */,
				8F3B0FA72BD5DC4E008D4549 /* Preview Content */,
				8F3B0FE32BD5DD52008D4549 /* CharactersListViewModel.swift */,
				8F3B0FE52BD5E297008D4549 /* CharacterCell.swift */,
			);
			path = PruebaUI;
			sourceTree = "<group>";
		};
		8F3B0FA72BD5DC4E008D4549 /* Preview Content */ = {
			isa = PBXGroup;
			children = (
				8F3B0FA82BD5DC4E008D4549 /* Preview Assets.xcassets */,
			);
			path = "Preview Content";
			sourceTree = "<group>";
		};
		8F3B0FB12BD5DC4F008D4549 /* PruebaUITests */ = {
			isa = PBXGroup;
			children = (
				8F3B0FB22BD5DC4F008D4549 /* PruebaUITests.swift */,
			);
			path = PruebaUITests;
			sourceTree = "<group>";
		};
		8F3B0FBB2BD5DC4F008D4549 /* PruebaUIUITests */ = {
			isa = PBXGroup;
			children = (
				8F3B0FBC2BD5DC4F008D4549 /* PruebaUIUITests.swift */,
				8F3B0FBE2BD5DC4F008D4549 /* PruebaUIUITestsLaunchTests.swift */,
			);
			path = PruebaUIUITests;
			sourceTree = "<group>";
		};
		8F3B0FCB2BD5DCA0008D4549 /* Extensions */ = {
			isa = PBXGroup;
			children = (
				8F3B0FCC2BD5DCA0008D4549 /* UIView+Extension.swift */,
				8F3B0FCD2BD5DCA0008D4549 /* UIViewController+Extension.swift */,
			);
			path = Extensions;
			sourceTree = "<group>";
		};
		8F3B0FCE2BD5DCA0008D4549 /* Api */ = {
			isa = PBXGroup;
			children = (
				8F3B0FCF2BD5DCA0008D4549 /* DTO */,
				8F3B0FD12BD5DCA0008D4549 /* Request */,
				8F3B0FD32BD5DCA0008D4549 /* Api.swift */,
			);
			path = Api;
			sourceTree = "<group>";
		};
		8F3B0FCF2BD5DCA0008D4549 /* DTO */ = {
			isa = PBXGroup;
			children = (
				8F3B0FD02BD5DCA0008D4549 /* CharacterListDTO.swift */,
			);
			path = DTO;
			sourceTree = "<group>";
		};
		8F3B0FD12BD5DCA0008D4549 /* Request */ = {
			isa = PBXGroup;
			children = (
				8F3B0FD22BD5DCA0008D4549 /* CharacterListRequest.swift */,
			);
			path = Request;
			sourceTree = "<group>";
		};
		8F3B0FD42BD5DCA0008D4549 /* Data */ = {
			isa = PBXGroup;
			children = (
				8F3B0FD52BD5DCA0008D4549 /* CharacterData.swift */,
				8F3B0FD62BD5DCA0008D4549 /* CharactersDataList.swift */,
			);
			path = Data;
			sourceTree = "<group>";
		};
		8F3B0FD72BD5DCA0008D4549 /* Lottie */ = {
			isa = PBXGroup;
			children = (
				8F3B0FD82BD5DCA0008D4549 /* error.json */,
				8F3B0FD92BD5DCA0008D4549 /* load.json */,
			);
			path = Lottie;
			sourceTree = "<group>";
		};
		9832E23CCCA9ADFF7A645D73 /* Pods */ = {
			isa = PBXGroup;
			children = (
				E4472BCB1296459C1524CD0E /* Pods-PruebaUI.debug.xcconfig */,
				5489FDFCB5F0E6ABA4EF4D52 /* Pods-PruebaUI.release.xcconfig */,
				E06DFFF210A319EC0EA40463 /* Pods-PruebaUI-PruebaUIUITests.debug.xcconfig */,
				533ED0749FBA627B7D98E37B /* Pods-PruebaUI-PruebaUIUITests.release.xcconfig */,
				67F8A85614BC377749FFA5D8 /* Pods-PruebaUITests.debug.xcconfig */,
				DEDDB748883B4238C2A66A7A /* Pods-PruebaUITests.release.xcconfig */,
			);
			path = Pods;
			sourceTree = "<group>";
		};
		DF90BF8E7D59CDCC8398C6E8 /* Frameworks */ = {
			isa = PBXGroup;
			children = (
				EE397EDE524B5F009646A1AC /* Pods_PruebaUI.framework */,
				7A65FEBE0225ED5084B51240 /* Pods_PruebaUI_PruebaUIUITests.framework */,
				55AE8D475D60BD5034308F13 /* Pods_PruebaUITests.framework */,
			);
			name = Frameworks;
			sourceTree = "<group>";
		};
/* End PBXGroup section */

/* Begin PBXNativeTarget section */
		8F3B0F9D2BD5DC4D008D4549 /* PruebaUI */ = {
			isa = PBXNativeTarget;
			buildConfigurationList = 8F3B0FC22BD5DC4F008D4549 /* Build configuration list for PBXNativeTarget "PruebaUI" */;
			buildPhases = (
				BE241522062E346D4DAF3B65 /* [CP] Check Pods Manifest.lock */,
				8F3B0F9A2BD5DC4D008D4549 /* Sources */,
				8F3B0F9B2BD5DC4D008D4549 /* Frameworks */,
				8F3B0F9C2BD5DC4D008D4549 /* Resources */,
				7F99A32A1FAFC983C032682D /* [CP] Embed Pods Frameworks */,
			);
			buildRules = (
			);
			dependencies = (
			);
			name = PruebaUI;
			productName = PruebaUI;
			productReference = 8F3B0F9E2BD5DC4D008D4549 /* PruebaUI.app */;
			productType = "com.apple.product-type.application";
		};
		8F3B0FAD2BD5DC4F008D4549 /* PruebaUITests */ = {
			isa = PBXNativeTarget;
			buildConfigurationList = 8F3B0FC52BD5DC4F008D4549 /* Build configuration list for PBXNativeTarget "PruebaUITests" */;
			buildPhases = (
				CD2A4493A0E5EC2B2C55BFED /* [CP] Check Pods Manifest.lock */,
				8F3B0FAA2BD5DC4F008D4549 /* Sources */,
				8F3B0FAB2BD5DC4F008D4549 /* Frameworks */,
				8F3B0FAC2BD5DC4F008D4549 /* Resources */,
			);
			buildRules = (
			);
			dependencies = (
				8F3B0FB02BD5DC4F008D4549 /* PBXTargetDependency */,
			);
			name = PruebaUITests;
			productName = PruebaUITests;
			productReference = 8F3B0FAE2BD5DC4F008D4549 /* PruebaUITests.xctest */;
			productType = "com.apple.product-type.bundle.unit-test";
		};
		8F3B0FB72BD5DC4F008D4549 /* PruebaUIUITests */ = {
			isa = PBXNativeTarget;
			buildConfigurationList = 8F3B0FC82BD5DC4F008D4549 /* Build configuration list for PBXNativeTarget "PruebaUIUITests" */;
			buildPhases = (
				E7CD888CA1E4E7CD16421C15 /* [CP] Check Pods Manifest.lock */,
				8F3B0FB42BD5DC4F008D4549 /* Sources */,
				8F3B0FB52BD5DC4F008D4549 /* Frameworks */,
				8F3B0FB62BD5DC4F008D4549 /* Resources */,
				64A077AB97A4EACD6FE2DC24 /* [CP] Embed Pods Frameworks */,
			);
			buildRules = (
			);
			dependencies = (
				8F3B0FBA2BD5DC4F008D4549 /* PBXTargetDependency */,
			);
			name = PruebaUIUITests;
			productName = PruebaUIUITests;
			productReference = 8F3B0FB82BD5DC4F008D4549 /* PruebaUIUITests.xctest */;
			productType = "com.apple.product-type.bundle.ui-testing";
		};
/* End PBXNativeTarget section */

/* Begin PBXProject section */
		8F3B0F962BD5DC4D008D4549 /* Project object */ = {
			isa = PBXProject;
			attributes = {
				BuildIndependentTargetsInParallel = 1;
				LastSwiftUpdateCheck = 1520;
				LastUpgradeCheck = 1520;
				TargetAttributes = {
					8F3B0F9D2BD5DC4D008D4549 = {
						CreatedOnToolsVersion = 15.2;
					};
					8F3B0FAD2BD5DC4F008D4549 = {
						CreatedOnToolsVersion = 15.2;
						TestTargetID = 8F3B0F9D2BD5DC4D008D4549;
					};
					8F3B0FB72BD5DC4F008D4549 = {
						CreatedOnToolsVersion = 15.2;
						TestTargetID = 8F3B0F9D2BD5DC4D008D4549;
					};
				};
			};
			buildConfigurationList = 8F3B0F992BD5DC4D008D4549 /* Build configuration list for PBXProject "PruebaUI" */;
			compatibilityVersion = "Xcode 14.0";
			developmentRegion = en;
			hasScannedForEncodings = 0;
			knownRegions = (
				en,
				Base,
			);
			mainGroup = 8F3B0F952BD5DC4D008D4549;
			productRefGroup = 8F3B0F9F2BD5DC4D008D4549 /* Products */;
			projectDirPath = "";
			projectRoot = "";
			targets = (
				8F3B0F9D2BD5DC4D008D4549 /* PruebaUI */,
				8F3B0FAD2BD5DC4F008D4549 /* PruebaUITests */,
				8F3B0FB72BD5DC4F008D4549 /* PruebaUIUITests */,
			);
		};
/* End PBXProject section */

/* Begin PBXResourcesBuildPhase section */
		8F3B0F9C2BD5DC4D008D4549 /* Resources */ = {
			isa = PBXResourcesBuildPhase;
			buildActionMask = 2147483647;
			files = (
				8F3B0FE12BD5DCA0008D4549 /* error.json in Resources */,
				8F3B0FE22BD5DCA0008D4549 /* load.json in Resources */,
				8F3B0FA92BD5DC4E008D4549 /* Preview Assets.xcassets in Resources */,
				8F3B0FA62BD5DC4E008D4549 /* Assets.xcassets in Resources */,
			);
			runOnlyForDeploymentPostprocessing = 0;
		};
		8F3B0FAC2BD5DC4F008D4549 /* Resources */ = {
			isa = PBXResourcesBuildPhase;
			buildActionMask = 2147483647;
			files = (
			);
			runOnlyForDeploymentPostprocessing = 0;
		};
		8F3B0FB62BD5DC4F008D4549 /* Resources */ = {
			isa = PBXResourcesBuildPhase;
			buildActionMask = 2147483647;
			files = (
			);
			runOnlyForDeploymentPostprocessing = 0;
		};
/* End PBXResourcesBuildPhase section */

/* Begin PBXShellScriptBuildPhase section */
		64A077AB97A4EACD6FE2DC24 /* [CP] Embed Pods Frameworks */ = {
			isa = PBXShellScriptBuildPhase;
			buildActionMask = 2147483647;
			files = (
			);
			inputFileListPaths = (
				"${PODS_ROOT}/Target Support Files/Pods-PruebaUI-PruebaUIUITests/Pods-PruebaUI-PruebaUIUITests-frameworks-${CONFIGURATION}-input-files.xcfilelist",
			);
			name = "[CP] Embed Pods Frameworks";
			outputFileListPaths = (
				"${PODS_ROOT}/Target Support Files/Pods-PruebaUI-PruebaUIUITests/Pods-PruebaUI-PruebaUIUITests-frameworks-${CONFIGURATION}-output-files.xcfilelist",
			);
			runOnlyForDeploymentPostprocessing = 0;
			shellPath = /bin/sh;
			shellScript = "\"${PODS_ROOT}/Target Support Files/Pods-PruebaUI-PruebaUIUITests/Pods-PruebaUI-PruebaUIUITests-frameworks.sh\"\n";
			showEnvVarsInLog = 0;
		};
		7F99A32A1FAFC983C032682D /* [CP] Embed Pods Frameworks */ = {
			isa = PBXShellScriptBuildPhase;
			buildActionMask = 2147483647;
			files = (
			);
			inputFileListPaths = (
				"${PODS_ROOT}/Target Support Files/Pods-PruebaUI/Pods-PruebaUI-frameworks-${CONFIGURATION}-input-files.xcfilelist",
			);
			name = "[CP] Embed Pods Frameworks";
			outputFileListPaths = (
				"${PODS_ROOT}/Target Support Files/Pods-PruebaUI/Pods-PruebaUI-frameworks-${CONFIGURATION}-output-files.xcfilelist",
			);
			runOnlyForDeploymentPostprocessing = 0;
			shellPath = /bin/sh;
			shellScript = "\"${PODS_ROOT}/Target Support Files/Pods-PruebaUI/Pods-PruebaUI-frameworks.sh\"\n";
			showEnvVarsInLog = 0;
		};
		BE241522062E346D4DAF3B65 /* [CP] Check Pods Manifest.lock */ = {
			isa = PBXShellScriptBuildPhase;
			buildActionMask = 2147483647;
			files = (
			);
			inputFileListPaths = (
			);
			inputPaths = (
				"${PODS_PODFILE_DIR_PATH}/Podfile.lock",
				"${PODS_ROOT}/Manifest.lock",
			);
			name = "[CP] Check Pods Manifest.lock";
			outputFileListPaths = (
			);
			outputPaths = (
				"$(DERIVED_FILE_DIR)/Pods-PruebaUI-checkManifestLockResult.txt",
			);
			runOnlyForDeploymentPostprocessing = 0;
			shellPath = /bin/sh;
			shellScript = "diff \"${PODS_PODFILE_DIR_PATH}/Podfile.lock\" \"${PODS_ROOT}/Manifest.lock\" > /dev/null\nif [ $? != 0 ] ; then\n    # print error to STDERR\n    echo \"error: The sandbox is not in sync with the Podfile.lock. Run 'pod install' or update your CocoaPods installation.\" >&2\n    exit 1\nfi\n# This output is used by Xcode 'outputs' to avoid re-running this script phase.\necho \"SUCCESS\" > \"${SCRIPT_OUTPUT_FILE_0}\"\n";
			showEnvVarsInLog = 0;
		};
		CD2A4493A0E5EC2B2C55BFED /* [CP] Check Pods Manifest.lock */ = {
			isa = PBXShellScriptBuildPhase;
			buildActionMask = 2147483647;
			files = (
			);
			inputFileListPaths = (
			);
			inputPaths = (
				"${PODS_PODFILE_DIR_PATH}/Podfile.lock",
				"${PODS_ROOT}/Manifest.lock",
			);
			name = "[CP] Check Pods Manifest.lock";
			outputFileListPaths = (
			);
			outputPaths = (
				"$(DERIVED_FILE_DIR)/Pods-PruebaUITests-checkManifestLockResult.txt",
			);
			runOnlyForDeploymentPostprocessing = 0;
			shellPath = /bin/sh;
			shellScript = "diff \"${PODS_PODFILE_DIR_PATH}/Podfile.lock\" \"${PODS_ROOT}/Manifest.lock\" > /dev/null\nif [ $? != 0 ] ; then\n    # print error to STDERR\n    echo \"error: The sandbox is not in sync with the Podfile.lock. Run 'pod install' or update your CocoaPods installation.\" >&2\n    exit 1\nfi\n# This output is used by Xcode 'outputs' to avoid re-running this script phase.\necho \"SUCCESS\" > \"${SCRIPT_OUTPUT_FILE_0}\"\n";
			showEnvVarsInLog = 0;
		};
		E7CD888CA1E4E7CD16421C15 /* [CP] Check Pods Manifest.lock */ = {
			isa = PBXShellScriptBuildPhase;
			buildActionMask = 2147483647;
			files = (
			);
			inputFileListPaths = (
			);
			inputPaths = (
				"${PODS_PODFILE_DIR_PATH}/Podfile.lock",
				"${PODS_ROOT}/Manifest.lock",
			);
			name = "[CP] Check Pods Manifest.lock";
			outputFileListPaths = (
			);
			outputPaths = (
				"$(DERIVED_FILE_DIR)/Pods-PruebaUI-PruebaUIUITests-checkManifestLockResult.txt",
			);
			runOnlyForDeploymentPostprocessing = 0;
			shellPath = /bin/sh;
			shellScript = "diff \"${PODS_PODFILE_DIR_PATH}/Podfile.lock\" \"${PODS_ROOT}/Manifest.lock\" > /dev/null\nif [ $? != 0 ] ; then\n    # print error to STDERR\n    echo \"error: The sandbox is not in sync with the Podfile.lock. Run 'pod install' or update your CocoaPods installation.\" >&2\n    exit 1\nfi\n# This output is used by Xcode 'outputs' to avoid re-running this script phase.\necho \"SUCCESS\" > \"${SCRIPT_OUTPUT_FILE_0}\"\n";
			showEnvVarsInLog = 0;
		};
/* End PBXShellScriptBuildPhase section */

/* Begin PBXSourcesBuildPhase section */
		8F3B0F9A2BD5DC4D008D4549 /* Sources */ = {
			isa = PBXSourcesBuildPhase;
			buildActionMask = 2147483647;
			files = (
				8F3B0FDB2BD5DCA0008D4549 /* UIViewController+Extension.swift in Sources */,
				8F3B0FE02BD5DCA0008D4549 /* CharactersDataList.swift in Sources */,
				8F3B0FDA2BD5DCA0008D4549 /* UIView+Extension.swift in Sources */,
				8F3B0FE62BD5E297008D4549 /* CharacterCell.swift in Sources */,
				8F3B0FA42BD5DC4D008D4549 /* CharactersList.swift in Sources */,
				8F3B0FE42BD5DD52008D4549 /* CharactersListViewModel.swift in Sources */,
				8F3B0FDD2BD5DCA0008D4549 /* CharacterListRequest.swift in Sources */,
				8F3B0FA22BD5DC4D008D4549 /* PruebaUIApp.swift in Sources */,
				8F3B0FDF2BD5DCA0008D4549 /* CharacterData.swift in Sources */,
				8F3B0FDE2BD5DCA0008D4549 /* Api.swift in Sources */,
				8F3B0FDC2BD5DCA0008D4549 /* CharacterListDTO.swift in Sources */,
			);
			runOnlyForDeploymentPostprocessing = 0;
		};
		8F3B0FAA2BD5DC4F008D4549 /* Sources */ = {
			isa = PBXSourcesBuildPhase;
			buildActionMask = 2147483647;
			files = (
				8F3B0FB32BD5DC4F008D4549 /* PruebaUITests.swift in Sources */,
			);
			runOnlyForDeploymentPostprocessing = 0;
		};
		8F3B0FB42BD5DC4F008D4549 /* Sources */ = {
			isa = PBXSourcesBuildPhase;
			buildActionMask = 2147483647;
			files = (
				8F3B0FBF2BD5DC4F008D4549 /* PruebaUIUITestsLaunchTests.swift in Sources */,
				8F3B0FBD2BD5DC4F008D4549 /* PruebaUIUITests.swift in Sources */,
			);
			runOnlyForDeploymentPostprocessing = 0;
		};
/* End PBXSourcesBuildPhase section */

/* Begin PBXTargetDependency section */
		8F3B0FB02BD5DC4F008D4549 /* PBXTargetDependency */ = {
			isa = PBXTargetDependency;
			target = 8F3B0F9D2BD5DC4D008D4549 /* PruebaUI */;
			targetProxy = 8F3B0FAF2BD5DC4F008D4549 /* PBXContainerItemProxy */;
		};
		8F3B0FBA2BD5DC4F008D4549 /* PBXTargetDependency */ = {
			isa = PBXTargetDependency;
			target = 8F3B0F9D2BD5DC4D008D4549 /* PruebaUI */;
			targetProxy = 8F3B0FB92BD5DC4F008D4549 /* PBXContainerItemProxy */;
		};
/* End PBXTargetDependency section */

/* Begin XCBuildConfiguration section */
		8F3B0FC02BD5DC4F008D4549 /* Debug */ = {
			isa = XCBuildConfiguration;
			buildSettings = {
				ALWAYS_SEARCH_USER_PATHS = NO;
				ASSETCATALOG_COMPILER_GENERATE_SWIFT_ASSET_SYMBOL_EXTENSIONS = YES;
				CLANG_ANALYZER_NONNULL = YES;
				CLANG_ANALYZER_NUMBER_OBJECT_CONVERSION = YES_AGGRESSIVE;
				CLANG_CXX_LANGUAGE_STANDARD = "gnu++20";
				CLANG_ENABLE_MODULES = YES;
				CLANG_ENABLE_OBJC_ARC = YES;
				CLANG_ENABLE_OBJC_WEAK = YES;
				CLANG_WARN_BLOCK_CAPTURE_AUTORELEASING = YES;
				CLANG_WARN_BOOL_CONVERSION = YES;
				CLANG_WARN_COMMA = YES;
				CLANG_WARN_CONSTANT_CONVERSION = YES;
				CLANG_WARN_DEPRECATED_OBJC_IMPLEMENTATIONS = YES;
				CLANG_WARN_DIRECT_OBJC_ISA_USAGE = YES_ERROR;
				CLANG_WARN_DOCUMENTATION_COMMENTS = YES;
				CLANG_WARN_EMPTY_BODY = YES;
				CLANG_WARN_ENUM_CONVERSION = YES;
				CLANG_WARN_INFINITE_RECURSION = YES;
				CLANG_WARN_INT_CONVERSION = YES;
				CLANG_WARN_NON_LITERAL_NULL_CONVERSION = YES;
				CLANG_WARN_OBJC_IMPLICIT_RETAIN_SELF = YES;
				CLANG_WARN_OBJC_LITERAL_CONVERSION = YES;
				CLANG_WARN_OBJC_ROOT_CLASS = YES_ERROR;
				CLANG_WARN_QUOTED_INCLUDE_IN_FRAMEWORK_HEADER = YES;
				CLANG_WARN_RANGE_LOOP_ANALYSIS = YES;
				CLANG_WARN_STRICT_PROTOTYPES = YES;
				CLANG_WARN_SUSPICIOUS_MOVE = YES;
				CLANG_WARN_UNGUARDED_AVAILABILITY = YES_AGGRESSIVE;
				CLANG_WARN_UNREACHABLE_CODE = YES;
				CLANG_WARN__DUPLICATE_METHOD_MATCH = YES;
				COPY_PHASE_STRIP = NO;
				DEBUG_INFORMATION_FORMAT = dwarf;
				ENABLE_STRICT_OBJC_MSGSEND = YES;
				ENABLE_TESTABILITY = YES;
				ENABLE_USER_SCRIPT_SANDBOXING = NO;
				GCC_C_LANGUAGE_STANDARD = gnu17;
				GCC_DYNAMIC_NO_PIC = NO;
				GCC_NO_COMMON_BLOCKS = YES;
				GCC_OPTIMIZATION_LEVEL = 0;
				GCC_PREPROCESSOR_DEFINITIONS = (
					"DEBUG=1",
					"$(inherited)",
				);
				GCC_WARN_64_TO_32_BIT_CONVERSION = YES;
				GCC_WARN_ABOUT_RETURN_TYPE = YES_ERROR;
				GCC_WARN_UNDECLARED_SELECTOR = YES;
				GCC_WARN_UNINITIALIZED_AUTOS = YES_AGGRESSIVE;
				GCC_WARN_UNUSED_FUNCTION = YES;
				GCC_WARN_UNUSED_VARIABLE = YES;
				IPHONEOS_DEPLOYMENT_TARGET = 17.2;
				LOCALIZATION_PREFERS_STRING_CATALOGS = YES;
				MTL_ENABLE_DEBUG_INFO = INCLUDE_SOURCE;
				MTL_FAST_MATH = YES;
				ONLY_ACTIVE_ARCH = YES;
				SDKROOT = iphoneos;
				SWIFT_ACTIVE_COMPILATION_CONDITIONS = "DEBUG $(inherited)";
				SWIFT_OPTIMIZATION_LEVEL = "-Onone";
			};
			name = Debug;
		};
		8F3B0FC12BD5DC4F008D4549 /* Release */ = {
			isa = XCBuildConfiguration;
			buildSettings = {
				ALWAYS_SEARCH_USER_PATHS = NO;
				ASSETCATALOG_COMPILER_GENERATE_SWIFT_ASSET_SYMBOL_EXTENSIONS = YES;
				CLANG_ANALYZER_NONNULL = YES;
				CLANG_ANALYZER_NUMBER_OBJECT_CONVERSION = YES_AGGRESSIVE;
				CLANG_CXX_LANGUAGE_STANDARD = "gnu++20";
				CLANG_ENABLE_MODULES = YES;
				CLANG_ENABLE_OBJC_ARC = YES;
				CLANG_ENABLE_OBJC_WEAK = YES;
				CLANG_WARN_BLOCK_CAPTURE_AUTORELEASING = YES;
				CLANG_WARN_BOOL_CONVERSION = YES;
				CLANG_WARN_COMMA = YES;
				CLANG_WARN_CONSTANT_CONVERSION = YES;
				CLANG_WARN_DEPRECATED_OBJC_IMPLEMENTATIONS = YES;
				CLANG_WARN_DIRECT_OBJC_ISA_USAGE = YES_ERROR;
				CLANG_WARN_DOCUMENTATION_COMMENTS = YES;
				CLANG_WARN_EMPTY_BODY = YES;
				CLANG_WARN_ENUM_CONVERSION = YES;
				CLANG_WARN_INFINITE_RECURSION = YES;
				CLANG_WARN_INT_CONVERSION = YES;
				CLANG_WARN_NON_LITERAL_NULL_CONVERSION = YES;
				CLANG_WARN_OBJC_IMPLICIT_RETAIN_SELF = YES;
				CLANG_WARN_OBJC_LITERAL_CONVERSION = YES;
				CLANG_WARN_OBJC_ROOT_CLASS = YES_ERROR;
				CLANG_WARN_QUOTED_INCLUDE_IN_FRAMEWORK_HEADER = YES;
				CLANG_WARN_RANGE_LOOP_ANALYSIS = YES;
				CLANG_WARN_STRICT_PROTOTYPES = YES;
				CLANG_WARN_SUSPICIOUS_MOVE = YES;
				CLANG_WARN_UNGUARDED_AVAILABILITY = YES_AGGRESSIVE;
				CLANG_WARN_UNREACHABLE_CODE = YES;
				CLANG_WARN__DUPLICATE_METHOD_MATCH = YES;
				COPY_PHASE_STRIP = NO;
				DEBUG_INFORMATION_FORMAT = "dwarf-with-dsym";
				ENABLE_NS_ASSERTIONS = NO;
				ENABLE_STRICT_OBJC_MSGSEND = YES;
				ENABLE_USER_SCRIPT_SANDBOXING = NO;
				GCC_C_LANGUAGE_STANDARD = gnu17;
				GCC_NO_COMMON_BLOCKS = YES;
				GCC_WARN_64_TO_32_BIT_CONVERSION = YES;
				GCC_WARN_ABOUT_RETURN_TYPE = YES_ERROR;
				GCC_WARN_UNDECLARED_SELECTOR = YES;
				GCC_WARN_UNINITIALIZED_AUTOS = YES_AGGRESSIVE;
				GCC_WARN_UNUSED_FUNCTION = YES;
				GCC_WARN_UNUSED_VARIABLE = YES;
				IPHONEOS_DEPLOYMENT_TARGET = 17.2;
				LOCALIZATION_PREFERS_STRING_CATALOGS = YES;
				MTL_ENABLE_DEBUG_INFO = NO;
				MTL_FAST_MATH = YES;
				SDKROOT = iphoneos;
				SWIFT_COMPILATION_MODE = wholemodule;
				VALIDATE_PRODUCT = YES;
			};
			name = Release;
		};
		8F3B0FC32BD5DC4F008D4549 /* Debug */ = {
			isa = XCBuildConfiguration;
			baseConfigurationReference = E4472BCB1296459C1524CD0E /* Pods-PruebaUI.debug.xcconfig */;
			buildSettings = {
				ASSETCATALOG_COMPILER_APPICON_NAME = AppIcon;
				ASSETCATALOG_COMPILER_GLOBAL_ACCENT_COLOR_NAME = AccentColor;
				CODE_SIGN_STYLE = Automatic;
				CURRENT_PROJECT_VERSION = 1;
				DEVELOPMENT_ASSET_PATHS = "\"PruebaUI/Preview Content\"";
				DEVELOPMENT_TEAM = 6G9VZ3V3S4;
				ENABLE_PREVIEWS = YES;
				GENERATE_INFOPLIST_FILE = YES;
				INFOPLIST_KEY_UIApplicationSceneManifest_Generation = YES;
				INFOPLIST_KEY_UIApplicationSupportsIndirectInputEvents = YES;
				INFOPLIST_KEY_UILaunchScreen_Generation = YES;
				INFOPLIST_KEY_UISupportedInterfaceOrientations_iPad = "UIInterfaceOrientationPortrait UIInterfaceOrientationPortraitUpsideDown UIInterfaceOrientationLandscapeLeft UIInterfaceOrientationLandscapeRight";
				INFOPLIST_KEY_UISupportedInterfaceOrientations_iPhone = "UIInterfaceOrientationPortrait UIInterfaceOrientationLandscapeLeft UIInterfaceOrientationLandscapeRight";
				LD_RUNPATH_SEARCH_PATHS = (
					"$(inherited)",
					"@executable_path/Frameworks",
				);
				MARKETING_VERSION = 1.0;
				PRODUCT_BUNDLE_IDENTIFIER = cristobalramos.PruebaUI;
				PRODUCT_NAME = "$(TARGET_NAME)";
				SWIFT_EMIT_LOC_STRINGS = YES;
				SWIFT_VERSION = 5.0;
				TARGETED_DEVICE_FAMILY = "1,2";
			};
			name = Debug;
		};
		8F3B0FC42BD5DC4F008D4549 /* Release */ = {
			isa = XCBuildConfiguration;
			baseConfigurationReference = 5489FDFCB5F0E6ABA4EF4D52 /* Pods-PruebaUI.release.xcconfig */;
			buildSettings = {
				ASSETCATALOG_COMPILER_APPICON_NAME = AppIcon;
				ASSETCATALOG_COMPILER_GLOBAL_ACCENT_COLOR_NAME = AccentColor;
				CODE_SIGN_STYLE = Automatic;
				CURRENT_PROJECT_VERSION = 1;
				DEVELOPMENT_ASSET_PATHS = "\"PruebaUI/Preview Content\"";
				DEVELOPMENT_TEAM = 6G9VZ3V3S4;
				ENABLE_PREVIEWS = YES;
				GENERATE_INFOPLIST_FILE = YES;
				INFOPLIST_KEY_UIApplicationSceneManifest_Generation = YES;
				INFOPLIST_KEY_UIApplicationSupportsIndirectInputEvents = YES;
				INFOPLIST_KEY_UILaunchScreen_Generation = YES;
				INFOPLIST_KEY_UISupportedInterfaceOrientations_iPad = "UIInterfaceOrientationPortrait UIInterfaceOrientationPortraitUpsideDown UIInterfaceOrientationLandscapeLeft UIInterfaceOrientationLandscapeRight";
				INFOPLIST_KEY_UISupportedInterfaceOrientations_iPhone = "UIInterfaceOrientationPortrait UIInterfaceOrientationLandscapeLeft UIInterfaceOrientationLandscapeRight";
				LD_RUNPATH_SEARCH_PATHS = (
					"$(inherited)",
					"@executable_path/Frameworks",
				);
				MARKETING_VERSION = 1.0;
				PRODUCT_BUNDLE_IDENTIFIER = cristobalramos.PruebaUI;
				PRODUCT_NAME = "$(TARGET_NAME)";
				SWIFT_EMIT_LOC_STRINGS = YES;
				SWIFT_VERSION = 5.0;
				TARGETED_DEVICE_FAMILY = "1,2";
			};
			name = Release;
		};
		8F3B0FC62BD5DC4F008D4549 /* Debug */ = {
			isa = XCBuildConfiguration;
			baseConfigurationReference = 67F8A85614BC377749FFA5D8 /* Pods-PruebaUITests.debug.xcconfig */;
			buildSettings = {
				ALWAYS_EMBED_SWIFT_STANDARD_LIBRARIES = YES;
				BUNDLE_LOADER = "$(TEST_HOST)";
				CODE_SIGN_STYLE = Automatic;
				CURRENT_PROJECT_VERSION = 1;
				DEVELOPMENT_TEAM = 6G9VZ3V3S4;
				GENERATE_INFOPLIST_FILE = YES;
				IPHONEOS_DEPLOYMENT_TARGET = 17.2;
				MARKETING_VERSION = 1.0;
				PRODUCT_BUNDLE_IDENTIFIER = cristobalramos.PruebaUITests;
				PRODUCT_NAME = "$(TARGET_NAME)";
				SWIFT_EMIT_LOC_STRINGS = NO;
				SWIFT_VERSION = 5.0;
				TARGETED_DEVICE_FAMILY = "1,2";
				TEST_HOST = "$(BUILT_PRODUCTS_DIR)/PruebaUI.app/$(BUNDLE_EXECUTABLE_FOLDER_PATH)/PruebaUI";
			};
			name = Debug;
		};
		8F3B0FC72BD5DC4F008D4549 /* Release */ = {
			isa = XCBuildConfiguration;
			baseConfigurationReference = DEDDB748883B4238C2A66A7A /* Pods-PruebaUITests.release.xcconfig */;
			buildSettings = {
				ALWAYS_EMBED_SWIFT_STANDARD_LIBRARIES = YES;
				BUNDLE_LOADER = "$(TEST_HOST)";
				CODE_SIGN_STYLE = Automatic;
				CURRENT_PROJECT_VERSION = 1;
				DEVELOPMENT_TEAM = 6G9VZ3V3S4;
				GENERATE_INFOPLIST_FILE = YES;
				IPHONEOS_DEPLOYMENT_TARGET = 17.2;
				MARKETING_VERSION = 1.0;
				PRODUCT_BUNDLE_IDENTIFIER = cristobalramos.PruebaUITests;
				PRODUCT_NAME = "$(TARGET_NAME)";
				SWIFT_EMIT_LOC_STRINGS = NO;
				SWIFT_VERSION = 5.0;
				TARGETED_DEVICE_FAMILY = "1,2";
				TEST_HOST = "$(BUILT_PRODUCTS_DIR)/PruebaUI.app/$(BUNDLE_EXECUTABLE_FOLDER_PATH)/PruebaUI";
			};
			name = Release;
		};
		8F3B0FC92BD5DC4F008D4549 /* Debug */ = {
			isa = XCBuildConfiguration;
			baseConfigurationReference = E06DFFF210A319EC0EA40463 /* Pods-PruebaUI-PruebaUIUITests.debug.xcconfig */;
			buildSettings = {
				ALWAYS_EMBED_SWIFT_STANDARD_LIBRARIES = YES;
				CODE_SIGN_STYLE = Automatic;
				CURRENT_PROJECT_VERSION = 1;
				DEVELOPMENT_TEAM = 6G9VZ3V3S4;
				GENERATE_INFOPLIST_FILE = YES;
				MARKETING_VERSION = 1.0;
				PRODUCT_BUNDLE_IDENTIFIER = cristobalramos.PruebaUIUITests;
				PRODUCT_NAME = "$(TARGET_NAME)";
				SWIFT_EMIT_LOC_STRINGS = NO;
				SWIFT_VERSION = 5.0;
				TARGETED_DEVICE_FAMILY = "1,2";
				TEST_TARGET_NAME = PruebaUI;
			};
			name = Debug;
		};
		8F3B0FCA2BD5DC4F008D4549 /* Release */ = {
			isa = XCBuildConfiguration;
			baseConfigurationReference = 533ED0749FBA627B7D98E37B /* Pods-PruebaUI-PruebaUIUITests.release.xcconfig */;
			buildSettings = {
				ALWAYS_EMBED_SWIFT_STANDARD_LIBRARIES = YES;
				CODE_SIGN_STYLE = Automatic;
				CURRENT_PROJECT_VERSION = 1;
				DEVELOPMENT_TEAM = 6G9VZ3V3S4;
				GENERATE_INFOPLIST_FILE = YES;
				MARKETING_VERSION = 1.0;
				PRODUCT_BUNDLE_IDENTIFIER = cristobalramos.PruebaUIUITests;
				PRODUCT_NAME = "$(TARGET_NAME)";
				SWIFT_EMIT_LOC_STRINGS = NO;
				SWIFT_VERSION = 5.0;
				TARGETED_DEVICE_FAMILY = "1,2";
				TEST_TARGET_NAME = PruebaUI;
			};
			name = Release;
		};
/* End XCBuildConfiguration section */

/* Begin XCConfigurationList section */
		8F3B0F992BD5DC4D008D4549 /* Build configuration list for PBXProject "PruebaUI" */ = {
			isa = XCConfigurationList;
			buildConfigurations = (
				8F3B0FC02BD5DC4F008D4549 /* Debug */,
				8F3B0FC12BD5DC4F008D4549 /* Release */,
			);
			defaultConfigurationIsVisible = 0;
			defaultConfigurationName = Release;
		};
		8F3B0FC22BD5DC4F008D4549 /* Build configuration list for PBXNativeTarget "PruebaUI" */ = {
			isa = XCConfigurationList;
			buildConfigurations = (
				8F3B0FC32BD5DC4F008D4549 /* Debug */,
				8F3B0FC42BD5DC4F008D4549 /* Release */,
			);
			defaultConfigurationIsVisible = 0;
			defaultConfigurationName = Release;
		};
		8F3B0FC52BD5DC4F008D4549 /* Build configuration list for PBXNativeTarget "PruebaUITests" */ = {
			isa = XCConfigurationList;
			buildConfigurations = (
				8F3B0FC62BD5DC4F008D4549 /* Debug */,
				8F3B0FC72BD5DC4F008D4549 /* Release */,
			);
			defaultConfigurationIsVisible = 0;
			defaultConfigurationName = Release;
		};
		8F3B0FC82BD5DC4F008D4549 /* Build configuration list for PBXNativeTarget "PruebaUIUITests" */ = {
			isa = XCConfigurationList;
			buildConfigurations = (
				8F3B0FC92BD5DC4F008D4549 /* Debug */,
				8F3B0FCA2BD5DC4F008D4549 /* Release */,
			);
			defaultConfigurationIsVisible = 0;
			defaultConfigurationName = Release;
		};
/* End XCConfigurationList section */
	};
	rootObject = 8F3B0F962BD5DC4D008D4549 /* Project object */;
}
